# This file was autogenerated by Stack.
# You should not edit this file by hand.
# For more information, please see the documentation at:
#   https://docs.haskellstack.org/en/stable/lock_files

packages:
- completed:
    hackage: reflex-0.6.3@sha256:8c70a01e93805d69563a4d18d976052d4e5e6f8e8fdc15beff940333dea4c486,9234
    pantry-tree:
      size: 4875
      sha256: c130a1ec51b1990304e681af1445b81e6a352a4f35b08c911803470e15cefb80
  original:
    hackage: reflex-0.6.3
- completed:
    hackage: reflex-dom-0.5.3@sha256:490ac2a707739b2e8d09c931d14b35dd1add9c73b62732671794ca890a8a7a87,4674
    pantry-tree:
      size: 807
      sha256: 02356c3d7e23ca5418806318b1fecf5f07d93f251a6c2dd1d6649f7fe81710e4
  original:
    hackage: reflex-dom-0.5.3
- completed:
    hackage: reflex-dom-core-0.5.3@sha256:aa0be1cc53722204e3c3ba11f7ee75a9de94960970886ee652203db03f04b9bf,6725
    pantry-tree:
      size: 2735
      sha256: 5f86dcc4dfe6ca8c4899574adf82f4c21839006af9fe6b7a79eaaf928305da24
  original:
    hackage: reflex-dom-core-0.5.3
- completed:
    hackage: ghcjs-dom-0.9.4.0@sha256:c2b3d25145e24b66a8a5078c0d750305b577aeff05957cf282d74f6e8d2424dd,32082
    pantry-tree:
      size: 357
      sha256: de76dd6924d6ad9124e836a0fa66a0338f585acbcbfbffd90e8357d1b6b8fbb4
  original:
    hackage: ghcjs-dom-0.9.4.0
- completed:
    hackage: ghcjs-dom-jsaddle-0.9.4.0@sha256:31ddfc5ebcbb4811b0c956fd5fcf106643012b46bb4e0bc2f15d09db1d116fbb,39525
    pantry-tree:
      size: 164
      sha256: 3f665a5e70fab961bf236e5c672f497901632785d403024d7bab1785444a0816
  original:
    hackage: ghcjs-dom-jsaddle-0.9.4.0
- completed:
    hackage: jsaddle-0.9.7.0@sha256:b848f626aede158a4ac9c1129699a44b7e5fa7d3ed9778b6df3390f2a4706412,4418
    pantry-tree:
      size: 4329
      sha256: cb014d869efacee64d8c313d814b50e13427027f5754881f5e91c8a4441dd181
  original:
    hackage: jsaddle-0.9.7.0
- completed:
    hackage: jsaddle-dom-0.9.4.0@sha256:e9557e5a6df02bf089acab3e053ee3d4b523acebfe9ede9b5091d12cee760780,75700
    pantry-tree:
      size: 48295
      sha256: 82000a394aa858fa99bafa3bc8ff0646e3b1c6c62c3d7d49d46bf68311d0afb0
  original:
    hackage: jsaddle-dom-0.9.4.0
- completed:
    hackage: bimap-0.3.3@sha256:232518c0410990665b9c8677eb9318ee355c001d58945ddcbedec3baa30b4160,1475
    pantry-tree:
      size: 414
      sha256: 5c7485014c2f342d215ace99cd06361f7607169aebe8d4aca2f265fa5c3c6761
  original:
    hackage: bimap-0.3.3
- completed:
    hackage: dependent-map-0.3@sha256:dc745864d5116bbd59ad29100faec74c79e681d35808547023619544c0e9f9b7,1574
    pantry-tree:
      size: 551
      sha256: 33ba69f91b54e7d64953b236d1de4ac31477b5b164f2990bfce308914006eac3
  original:
    hackage: dependent-map-0.3
- completed:
    hackage: dependent-sum-0.6.2.0@sha256:bff37c85b38e768b942f9d81c2465b63a96076f1ba006e35612aa357770807b6,1856
    pantry-tree:
      size: 474
      sha256: ad3fbed5104f9ee9c8082c9dcc8ade847674e3053572533e8d26ad1a866f1107
  original:
    hackage: dependent-sum-0.6.2.0
- completed:
    hackage: dependent-sum-template-0.1.0.0@sha256:477de784b63b970d69d8de84753967c2dfd84224a958549c43c770802d18f0df,1605
    pantry-tree:
      size: 436
      sha256: c259c246cdbdbda782848610396c547a53abd7e8261fb9099a8cd2cc1d32b3e3
  original:
    hackage: dependent-sum-template-0.1.0.0
- completed:
    hackage: constraints-extras-0.3.0.2@sha256:bf6884be65958e9188ae3c9e5547abfd6d201df021bff8a4704c2c4fe1e1ae5b,1784
    pantry-tree:
      size: 594
      sha256: b0bcc96d375ee11b1972a2e9e8e42039b3f420b0e1c46e9c70652470445a6505
  original:
    hackage: constraints-extras-0.3.0.2
- completed:
    hackage: ref-tf-0.4.0.2@sha256:69de3550250e0cd69f45d080359cb314a9487c915024349c75b78732bbee9332,1134
    pantry-tree:
      size: 211
      sha256: fc5a4a35b4c782a33f452c1dc66ffa8ddbf321e2db369bd8823c796f0d4d8c7f
  original:
    hackage: ref-tf-0.4.0.2
- completed:
    hackage: monoidal-containers-0.6.0.1@sha256:7d776942659eb4d70d8b8da5d734396374a6eda8b4622df9e61e26b24e9c8e40,2501
    pantry-tree:
      size: 569
      sha256: c354e916cb3aa9a0728a60f08440dc589a9e6d8275f047dbe9ab73f168247561
  original:
    hackage: monoidal-containers-0.6.0.1
- completed:
    hackage: witherable-0.3.1@sha256:ed3d5bc9eb1c08fa9704d9e143cdf622e1bd80b847cd5ede8c07da7bc7981ab9,1313
    pantry-tree:
      size: 271
      sha256: 7077f6c0e9e973af2c7f4429bcc3af6d345c19554c1335733faccec35d4c1708
  original:
    hackage: witherable-0.3.1
- completed:
    hackage: zenc-0.1.1@sha256:e4be3e5e9fe1a1ade05910909c6e5b5a8eff72e697868b03955c9781b0443947,964
    pantry-tree:
      size: 206
      sha256: ac8bdc2a8c4b51c7bfa95802ecbab6879190787c870a9cbe0bfee220b3b2a7fe
  original:
    hackage: zenc-0.1.1
snapshots:
- completed:
    size: 508404
    url: https://raw.githubusercontent.com/commercialhaskell/stackage-snapshots/master/lts/12/20.yaml
    sha256: cfd514ad7db14b7da3dfe57d08086b1aaa6c9170aef73ae32290933004c62569
  original: lts-12.20
